
Microsoft Visual Studio Solution File, Format Version 12.00
# Visual Studio Version 16
VisualStudioVersion = 16.0.30611.23
MinimumVisualStudioVersion = 10.0.40219.1
Project("{FAE04EC0-301F-11D3-BF4B-00C04F79EFBC}") = "Hello Repo", "Hello Repo\Hello Repo.csproj", "{5909F331-DB36-4D6B-BEE5-0DD7FFEBCD2B}"
EndProject
Project("{FAE04EC0-301F-11D3-BF4B-00C04F79EFBC}") = "Ejercicio2", "Ejercicio2\Ejercicio2.csproj", "{B9C54814-499E-4837-B6E5-C81C408B63A1}"
EndProject
Global
	GlobalSection(SolutionConfigurationPlatforms) = preSolution
		Debug|Any CPU = Debug|Any CPU
		Release|Any CPU = Release|Any CPU
	EndGlobalSection
	GlobalSection(ProjectConfigurationPlatforms) = postSolution
		{5909F331-DB36-4D6B-BEE5-0DD7FFEBCD2B}.Debug|Any CPU.ActiveCfg = Debug|Any CPU
		{5909F331-DB36-4D6B-BEE5-0DD7FFEBCD2B}.Debug|Any CPU.Build.0 = Debug|Any CPU
		{5909F331-DB36-4D6B-BEE5-0DD7FFEBCD2B}.Release|Any CPU.ActiveCfg = Release|Any CPU
		{5909F331-DB36-4D6B-BEE5-0DD7FFEBCD2B}.Release|Any CPU.Build.0 = Release|Any CPU
		{B9C54814-499E-4837-B6E5-C81C408B63A1}.Debug|Any CPU.ActiveCfg = Debug|Any CPU
		{B9C54814-499E-4837-B6E5-C81C408B63A1}.Debug|Any CPU.Build.0 = Debug|Any CPU
		{B9C54814-499E-4837-B6E5-C81C408B63A1}.Release|Any CPU.ActiveCfg = Release|Any CPU
		{B9C54814-499E-4837-B6E5-C81C408B63A1}.Release|Any CPU.Build.0 = Release|Any CPU
	EndGlobalSection
	GlobalSection(SolutionProperties) = preSolution
		HideSolutionNode = FALSE
	EndGlobalSection
	GlobalSection(ExtensibilityGlobals) = postSolution
		SolutionGuid = {0B8D0270-EBEB-4EA8-9C4B-8E9A8580E863}
	EndGlobalSection
EndGlobal
